
Microsoft Visual Studio Solution File, Format Version 12.00
# Visual Studio Version 16
VisualStudioVersion = 25.0.1705.4
MinimumVisualStudioVersion = 10.0.40219.1
Project("{FAE04EC0-301F-11D3-BF4B-00C04F79EFBC}") = "StockPriceChex", "StockPriceChex\StockPriceChex.csproj", "{A320EAB1-9548-43CD-B96E-044982FE6B6F}"
EndProject
Global
	GlobalSection(SolutionConfigurationPlatforms) = preSolution
		Debug|Any CPU = Debug|Any CPU
		Release|Any CPU = Release|Any CPU
	EndGlobalSection
	GlobalSection(ProjectConfigurationPlatforms) = postSolution
		{A320EAB1-9548-43CD-B96E-044982FE6B6F}.Debug|Any CPU.ActiveCfg = Debug|Any CPU
		{A320EAB1-9548-43CD-B96E-044982FE6B6F}.Debug|Any CPU.Build.0 = Debug|Any CPU
		{A320EAB1-9548-43CD-B96E-044982FE6B6F}.Release|Any CPU.ActiveCfg = Release|Any CPU
		{A320EAB1-9548-43CD-B96E-044982FE6B6F}.Release|Any CPU.Build.0 = Release|Any CPU
	EndGlobalSection
	GlobalSection(SolutionProperties) = preSolution
		HideSolutionNode = FALSE
	EndGlobalSection
	GlobalSection(ExtensibilityGlobals) = postSolution
		SolutionGuid = {410A7360-A880-4BCB-BD12-5555C86BCD7D}
	EndGlobalSection
EndGlobal
